
Microsoft Visual Studio Solution File, Format Version 12.00
# Visual Studio 15
VisualStudioVersion = 15.0.28307.136
MinimumVisualStudioVersion = 10.0.40219.1
Project("{FAE04EC0-301F-11D3-BF4B-00C04F79EFBC}") = "PassingDataFromRazorToJavaScript", "PassingDataFromRazorToJavaScript\PassingDataFromRazorToJavaScript.csproj", "{ED792784-F1D2-4B3D-87D4-EEFBB612EA7C}"
EndProject
Global
	GlobalSection(SolutionConfigurationPlatforms) = preSolution
		Debug|Any CPU = Debug|Any CPU
		Release|Any CPU = Release|Any CPU
	EndGlobalSection
	GlobalSection(ProjectConfigurationPlatforms) = postSolution
		{ED792784-F1D2-4B3D-87D4-EEFBB612EA7C}.Debug|Any CPU.ActiveCfg = Debug|Any CPU
		{ED792784-F1D2-4B3D-87D4-EEFBB612EA7C}.Debug|Any CPU.Build.0 = Debug|Any CPU
		{ED792784-F1D2-4B3D-87D4-EEFBB612EA7C}.Release|Any CPU.ActiveCfg = Release|Any CPU
		{ED792784-F1D2-4B3D-87D4-EEFBB612EA7C}.Release|Any CPU.Build.0 = Release|Any CPU
	EndGlobalSection
	GlobalSection(SolutionProperties) = preSolution
		HideSolutionNode = FALSE
	EndGlobalSection
	GlobalSection(ExtensibilityGlobals) = postSolution
		SolutionGuid = {AB77F178-FE01-40B7-9238-1593317EAEC1}
	EndGlobalSection
EndGlobal
